
Microsoft Visual Studio Solution File, Format Version 12.00
# Visual Studio Version 16
VisualStudioVersion = 16.0.29709.97
MinimumVisualStudioVersion = 10.0.40219.1
Project("{FAE04EC0-301F-11D3-BF4B-00C04F79EFBC}") = "Yellamanchili_Exam02", "Yellamanchili_Exam02.csproj", "{73B467A9-EA89-482F-8499-9F295F8189DB}"
EndProject
Global
	GlobalSection(SolutionConfigurationPlatforms) = preSolution
		Debug|Any CPU = Debug|Any CPU
		Release|Any CPU = Release|Any CPU
	EndGlobalSection
	GlobalSection(ProjectConfigurationPlatforms) = postSolution
		{73B467A9-EA89-482F-8499-9F295F8189DB}.Debug|Any CPU.ActiveCfg = Debug|Any CPU
		{73B467A9-EA89-482F-8499-9F295F8189DB}.Debug|Any CPU.Build.0 = Debug|Any CPU
		{73B467A9-EA89-482F-8499-9F295F8189DB}.Release|Any CPU.ActiveCfg = Release|Any CPU
		{73B467A9-EA89-482F-8499-9F295F8189DB}.Release|Any CPU.Build.0 = Release|Any CPU
	EndGlobalSection
	GlobalSection(SolutionProperties) = preSolution
		HideSolutionNode = FALSE
	EndGlobalSection
	GlobalSection(ExtensibilityGlobals) = postSolution
		SolutionGuid = {95764CEA-4C4E-401B-9685-EDE577204436}
	EndGlobalSection
EndGlobal
